<?xml version="1.0" encoding="UTF-8" standalone="yes" ?>
<CodeBlocks_project_file>
	<FileVersion major="1" minor="6" />
	<Project>
		<Option title="picogen" />
		<Option pch_mode="2" />
		<Option compiler="gcc" />
		<Build>
			<Target title="Debug">
				<Option output="picogen" prefix_auto="0" extension_auto="0" />
				<Option object_output="objs" />
				<Option type="1" />
				<Option compiler="gcc" />
				<Option parameters=" ssdf -f ~/picogen/ssdf/testfile.ssdf" />
				<Compiler>
					<Add option="-g" />
					<Add option="`llvm-config --cflags`" />
					<Add option="`llvm-config --cppflags`" />
					<Add option="-O0" />
				</Compiler>
				<Linker>
					<Add option="`sdl-config --libs`" />
					<Add option="`llvm-config --libs core jit native`" />
				</Linker>
			</Target>
			<Target title="Release">
				<Option output="picogen" prefix_auto="0" extension_auto="0" />
				<Option object_output="objs" />
				<Option type="1" />
				<Option compiler="gcc" />
				<Compiler>
					<Add option="-fexpensive-optimizations" />
					<Add option="-O3" />
					<Add option="`llvm-config --cflags`" />
					<Add option="`llvm-config --cppflags`" />
					<Add option="-DPICOGEN_RELEASE" />
				</Compiler>
				<Linker>
					<Add option="-s" />
					<Add option="`sdl-config --libs`" />
					<Add option="`llvm-config --libs core jit native`" />
				</Linker>
			</Target>
			<Target title="Release-Win32">
				<Option output="picogen" prefix_auto="0" extension_auto="0" />
				<Option object_output="objs" />
				<Option type="1" />
				<Option compiler="gcc" />
				<Compiler>
					<Add option="-fexpensive-optimizations" />
					<Add option="-O3" />
					<Add option="-DPICOGEN_RELEASE" />
				</Compiler>
				<Linker>
					<Add option="-s" />
					<Add option="-lmingw32 -lSDLmain -lSDL" />
				</Linker>
			</Target>
			<Target title="optimized AthlonXP">
				<Option output="picogen" prefix_auto="0" extension_auto="0" />
				<Option object_output="objs" />
				<Option type="1" />
				<Option compiler="gcc" />
				<Compiler>
					<Add option="-march=athlon-xp" />
					<Add option="-O3" />
					<Add option="-s -O3 -fexpensive-optimizations \" />
					<Add option="-combine  \" />
					<Add option="-ffast-math \" />
					<Add option="-ftree-vectorize \" />
					<Add option="-msse \" />
					<Add option="-funroll-loops -fvariable-expansion-in-unroller \" />
					<Add option="-funsafe-loop-optimizations \" />
					<Add option="-ftree-loop-im \" />
					<Add option="-funswitch-loops \" />
					<Add option="-ftree-loop-ivcanon \" />
					<Add option="-ftracer \" />
					<Add option="-fprefetch-loop-arrays \" />
					<Add option="-funsafe-math-optimizations -ffinite-math-only \" />
					<Add option="-fdata-sections \" />
					<Add option="`llvm-config --cflags` \" />
					<Add option="`llvm-config --cppflags`" />
				</Compiler>
				<Linker>
					<Add option="-s" />
					<Add option="`sdl-config --libs`" />
					<Add option="`llvm-config --libs core jit native`" />
				</Linker>
			</Target>
			<Target title="optimized AthlonXP - verbose">
				<Option output="picogen" prefix_auto="0" extension_auto="0" />
				<Option object_output="objs" />
				<Option type="1" />
				<Option compiler="gcc" />
				<Compiler>
					<Add option="-march=athlon-xp" />
					<Add option="-O3" />
					<Add option="-s -O3 -fexpensive-optimizations \" />
					<Add option="-combine  \" />
					<Add option="-ffast-math \" />
					<Add option="-ftree-vectorize \" />
					<Add option="-msse \" />
					<Add option="-funroll-loops -fvariable-expansion-in-unroller \" />
					<Add option="-funsafe-loop-optimizations \" />
					<Add option="-ftree-loop-im \" />
					<Add option="-funswitch-loops \" />
					<Add option="-ftree-loop-ivcanon \" />
					<Add option="-ftracer \" />
					<Add option="-fprefetch-loop-arrays \" />
					<Add option="-funsafe-math-optimizations -ffinite-math-only \" />
					<Add option="-fdata-sections \" />
					<Add option="`llvm-config --cflags` \" />
					<Add option="`llvm-config --cppflags` \" />
					<Add option="-ftree-vectorizer-verbose=1" />
				</Compiler>
				<Linker>
					<Add option="-s" />
					<Add option="`sdl-config --libs`" />
					<Add option="`llvm-config --libs core jit native`" />
				</Linker>
			</Target>
			<Target title="fast compilation">
				<Option output="picogen" prefix_auto="0" extension_auto="0" />
				<Option object_output="objs" />
				<Option type="1" />
				<Option compiler="gcc" />
				<Compiler>
					<Add option="`llvm-config --cflags`" />
					<Add option="`llvm-config --cppflags`" />
					<Add option="-O0" />
				</Compiler>
				<Linker>
					<Add option="`sdl-config --libs`" />
					<Add option="`llvm-config --libs core jit native`" />
				</Linker>
			</Target>
			<Target title="fast compilation / dbg">
				<Option output="picogen" prefix_auto="0" extension_auto="0" />
				<Option object_output="objs" />
				<Option type="1" />
				<Option compiler="gcc" />
				<Option parameters=" ssdf -f ~/picogen/ssdf/testfile.ssdf" />
				<Compiler>
					<Add option="-g" />
					<Add option="`llvm-config --cflags`" />
					<Add option="`llvm-config --cppflags`" />
					<Add option="-O0" />
				</Compiler>
				<Linker>
					<Add option="`sdl-config --libs`" />
					<Add option="`llvm-config --libs core jit native`" />
				</Linker>
			</Target>
			<Target title="frontend-wx">
				<Option output="bin/frontend-wx/picogen" prefix_auto="1" extension_auto="1" />
				<Option working_dir="bin/frontend-wx/" />
				<Option object_output="obj/frontend-wx/" />
				<Option type="0" />
				<Option compiler="gcc" />
				<Option projectLinkerOptionsRelation="2" />
				<Compiler>
					<Add option="-O2" />
				</Compiler>
				<Linker>
					<Add option="-s" />
					<Add option="$( wx-config --libs --cpp-flags --cxxflags )" />
					<Add option="`sdl-config --libs`" />
				</Linker>
			</Target>
		</Build>
		<Compiler>
			<Add option="-Wall" />
			<Add option="`sdl-config --cflags`" />
			<Add directory="../../../include" />
		</Compiler>
		<Linker>
			<Add option="-lboost_regex" />
		</Linker>
		<Unit filename="../../../include/common.h" />
		<Unit filename="../../../include/compile_info.h" />
		<Unit filename="../../../include/picogen.h" />
		<Unit filename="../../../include/picogen/experimental/CloudShader_Bouthors.h" />
		<Unit filename="../../../include/picogen/experimental/Rain.h" />
		<Unit filename="../../../include/picogen/experimental/ShaderCC_GCC.h" />
		<Unit filename="../../../include/picogen/experimental/Snow.h" />
		<Unit filename="../../../include/picogen/foreign/libcoyotl/mtwister.cpp" />
		<Unit filename="../../../include/picogen/foreign/libcoyotl/mtwister.h" />
		<Unit filename="../../../include/picogen/foreign/libcoyotl/prng.cpp" />
		<Unit filename="../../../include/picogen/foreign/libcoyotl/prng.h" />
		<Unit filename="../../../include/picogen/generators/generators.h" />
		<Unit filename="../../../include/picogen/generators/rng/MersenneTwister.h" />
		<Unit filename="../../../include/picogen/graphics/brdf/Lambertian.h" />
		<Unit filename="../../../include/picogen/graphics/brdf/Specular.h" />
		<Unit filename="../../../include/picogen/graphics/cameras.h" />
		<Unit filename="../../../include/picogen/graphics/film.h" />
		<Unit filename="../../../include/picogen/graphics/film/DistanceVis.h" />
		<Unit filename="../../../include/picogen/graphics/film/NormalVis.h" />
		<Unit filename="../../../include/picogen/graphics/film/RayDirVis.h" />
		<Unit filename="../../../include/picogen/graphics/film/SimpleColorFilm.h" />
		<Unit filename="../../../include/picogen/graphics/image.h" />
		<Unit filename="../../../include/picogen/graphics/integrators.h" />
		<Unit filename="../../../include/picogen/graphics/integrators/image/XYIterator.h" />
		<Unit filename="../../../include/picogen/graphics/integrators/ray/Preview.h" />
		<Unit filename="../../../include/picogen/graphics/integrators/ray/Simple.h" />
		<Unit filename="../../../include/picogen/graphics/integrators/surface/Path.h" />
		<Unit filename="../../../include/picogen/graphics/material.h" />
		<Unit filename="../../../include/picogen/graphics/objects.h" />
		<Unit filename="../../../include/picogen/graphics/objects/AABox.h" />
		<Unit filename="../../../include/picogen/graphics/objects/CloudsBouthors.h" />
		<Unit filename="../../../include/picogen/graphics/objects/ImplicitHeightField.h" />
		<Unit filename="../../../include/picogen/graphics/objects/Instance.h" />
		<Unit filename="../../../include/picogen/graphics/objects/LinearList.h" />
		<Unit filename="../../../include/picogen/graphics/objects/Preetham.h" />
		<Unit filename="../../../include/picogen/graphics/objects/QuadtreeHeightField.h" />
		<Unit filename="../../../include/picogen/graphics/objects/SimpleHeightField.h" />
		<Unit filename="../../../include/picogen/graphics/objects/Sphere.h" />
		<Unit filename="../../../include/picogen/graphics/objects/TriBIH.h" />
		<Unit filename="../../../include/picogen/graphics/objects/VelocityInstance.h" />
		<Unit filename="../../../include/picogen/graphics/objects/ZBNCubemap.h" />
		<Unit filename="../../../include/picogen/graphics/objects/templates/TriBIH.cc.h" />
		<Unit filename="../../../include/picogen/graphics/objects/templates/TriBIH.h" />
		<Unit filename="../../../include/picogen/misc/exceptions.h" />
		<Unit filename="../../../include/picogen/misc/functional.h" />
		<Unit filename="../../../include/picogen/misc/functional/LayeredNoise2d.h" />
		<Unit filename="../../../include/picogen/misc/functions.h" />
		<Unit filename="../../../include/picogen/misc/geometrics.h" />
		<Unit filename="../../../include/picogen/misc/geometrics/Transformation.h" />
		<Unit filename="../../../include/picogen/misc/rng/MersenneTwister.h" />
		<Unit filename="../../../include/picogen/misc/scripting/AST.h" />
		<Unit filename="../../../include/picogen/misc/scripting/AST2LLVM.h" />
		<Unit filename="../../../include/picogen/misc/scripting/nano-c.h" />
		<Unit filename="../../../include/picogen/misc/templates.h" />
		<Unit filename="../../../include/picossdf/picossdf.h" />
		<Unit filename="../../../src/experimental/Rain.cc" />
		<Unit filename="../../../src/experimental/Snow.cc" />
		<Unit filename="../../../src/main.cc" />
		<Unit filename="../../../src/picosrc/frontend/app-main.cpp">
			<Option target="frontend-wx" />
		</Unit>
		<Unit filename="../../../src/picosrc/generators/rng/MersenneTwister.cc" />
		<Unit filename="../../../src/picosrc/graphics/brdf/Lambertian.cc" />
		<Unit filename="../../../src/picosrc/graphics/brdf/Specular.cc" />
		<Unit filename="../../../src/picosrc/graphics/film/DistanceVis.cc" />
		<Unit filename="../../../src/picosrc/graphics/film/NormalVis.cc" />
		<Unit filename="../../../src/picosrc/graphics/film/RayDirVis.cc" />
		<Unit filename="../../../src/picosrc/graphics/film/SimpleColorFilm.cc" />
		<Unit filename="../../../src/picosrc/graphics/integrators/image/XYIterator.cc" />
		<Unit filename="../../../src/picosrc/graphics/integrators/ray/Preview.cc" />
		<Unit filename="../../../src/picosrc/graphics/integrators/ray/Simple.cc" />
		<Unit filename="../../../src/picosrc/graphics/integrators/surface/Path.cc" />
		<Unit filename="../../../src/picosrc/graphics/objects/AABox.cc" />
		<Unit filename="../../../src/picosrc/graphics/objects/ImplicitHeightField.cc" />
		<Unit filename="../../../src/picosrc/graphics/objects/LinearList.cc" />
		<Unit filename="../../../src/picosrc/graphics/objects/Preetham.cc" />
		<Unit filename="../../../src/picosrc/graphics/objects/QuadtreeHeightField.cc" />
		<Unit filename="../../../src/picosrc/graphics/objects/SimpleHeightField.cc" />
		<Unit filename="../../../src/picosrc/graphics/objects/Sphere.cc" />
		<Unit filename="../../../src/picosrc/graphics/objects/TriBIH.cc" />
		<Unit filename="../../../src/picosrc/graphics/objects/ZBNCubemap.cc" />
		<Unit filename="../../../src/picosrc/misc/functional.cc" />
		<Unit filename="../../../src/picosrc/misc/functional/LayeredNoise2d.cc" />
		<Unit filename="../../../src/picosrc/misc/scripting/AST2LLVM.cc" />
		<Unit filename="../../../src/picosrc/misc/scripting/nano-c.cc" />
		<Unit filename="../../../src/picosrc/misc/scripting/picogen-c.cc" />
		<Unit filename="../../../src/picossdf/picossdf.cc" />
		<Unit filename="../../../src/submain/mkheightmap.cc" />
		<Unit filename="../../../src/submain/seb.cc" />
		<Unit filename="../../../src/submain/ssdf.cc" />
		<Unit filename="../../../src/submain/testscenes.cc" />
		<Extensions>
			<envvars />
			<code_completion />
			<debugger />
			<lib_finder disable_auto="1" />
			<wxsmith version="1">
				<gui name="wxWidgets" src="../../../src/picosrc/frontend/app-main.cpp" main="-- None --" init_handlers="necessary" language="CPP" />
				<resources>
					<wxDialog wxs="wxsmith/NewDialog.wxs" src="NewDialog.cpp" hdr="NewDialog.h" name="NewDialog" language="CPP" />
				</resources>
			</wxsmith>
		</Extensions>
	</Project>
</CodeBlocks_project_file>
